{
  "name": "tp_es",
  "lockfileVersion": 2,
  "requires": true,
  "packages": {
    "": {
      "dependencies": {
        "es-response-parser": "^1.0.2"
      }
    },
    "node_modules/es-response-parser": {
      "version": "1.0.2",
      "resolved": "https://registry.npmjs.org/es-response-parser/-/es-response-parser-1.0.2.tgz",
      "integrity": "sha512-SGD0M7Z6tYLPhh8+OyjxghoDgxfVF85NUGQcGCe4DJah1Bx4OGMYDDzRsCGwUwHm9dYZU15iw3r3SGd+eXp5BQ==",
      "dependencies": {
        "xtend": "^4.0.1"
      }
    },
    "node_modules/xtend": {
      "version": "4.0.2",
      "resolved": "https://registry.npmjs.org/xtend/-/xtend-4.0.2.tgz",
      "integrity": "sha512-LKYU1iAXJXUgAXn9URjiu+MWhyUXHsvfp7mcuYm9dSUKK0/CjtrUwFAxD82/mCWbtLsGjFIad0wIsod4zrTAEQ==",
      "engines": {
        "node": ">=0.4"
      }
    }
  },
  "dependencies": {
    "es-response-parser": {
      "version": "1.0.2",
      "resolved": "https://registry.npmjs.org/es-response-parser/-/es-response-parser-1.0.2.tgz",
      "integrity": "sha512-SGD0M7Z6tYLPhh8+OyjxghoDgxfVF85NUGQcGCe4DJah1Bx4OGMYDDzRsCGwUwHm9dYZU15iw3r3SGd+eXp5BQ==",
      "requires": {
        "xtend": "^4.0.1"
      }
    },
    "xtend": {
      "version": "4.0.2",
      "resolved": "https://registry.npmjs.org/xtend/-/xtend-4.0.2.tgz",
      "integrity": "sha512-LKYU1iAXJXUgAXn9URjiu+MWhyUXHsvfp7mcuYm9dSUKK0/CjtrUwFAxD82/mCWbtLsGjFIad0wIsod4zrTAEQ=="
    }
  }
}
